// !$*UTF8*$!
{
	archiveVersion = 1;
	classes = {
	};
	objectVersion = 46;
	objects = {

/* Begin PBXBuildFile section */
		7B0156AD1F5FA88100F92CE7 /* Usuario.swift in Sources */ = {isa = PBXBuildFile; fileRef = 7B0156AC1F5FA88100F92CE7 /* Usuario.swift */; };
		7B0F4C931F5875A6001EBD1E /* LoginViewController.swift in Sources */ = {isa = PBXBuildFile; fileRef = 7B0F4C921F5875A6001EBD1E /* LoginViewController.swift */; };
		7B2F14C81F55D6090049BA57 /* AppDelegate.swift in Sources */ = {isa = PBXBuildFile; fileRef = 7B2F14C71F55D6090049BA57 /* AppDelegate.swift */; };
		7B2F14CC1F55D6090049BA57 /* RecordatoriosViewController.swift in Sources */ = {isa = PBXBuildFile; fileRef = 7B2F14CB1F55D6090049BA57 /* RecordatoriosViewController.swift */; };
		7B2F14CF1F55D6090049BA57 /* Main.storyboard in Resources */ = {isa = PBXBuildFile; fileRef = 7B2F14CD1F55D6090049BA57 /* Main.storyboard */; };
		7B2F14D41F55D6090049BA57 /* LaunchScreen.storyboard in Resources */ = {isa = PBXBuildFile; fileRef = 7B2F14D21F55D6090049BA57 /* LaunchScreen.storyboard */; };
		7B2F14DF1F55D6090049BA57 /* ProAgeingTests.swift in Sources */ = {isa = PBXBuildFile; fileRef = 7B2F14DE1F55D6090049BA57 /* ProAgeingTests.swift */; };
		7B2F14EA1F55D6090049BA57 /* ProAgeingUITests.swift in Sources */ = {isa = PBXBuildFile; fileRef = 7B2F14E91F55D6090049BA57 /* ProAgeingUITests.swift */; };
		7B30F23F1FA24C1C00A06469 /* Medicamento.swift in Sources */ = {isa = PBXBuildFile; fileRef = 7B30F23E1FA24C1C00A06469 /* Medicamento.swift */; };
		7B49F37A1F7899F400D1B182 /* HealthKit.framework in Frameworks */ = {isa = PBXBuildFile; fileRef = 7B49F3791F7899F400D1B182 /* HealthKit.framework */; };
		7B49F37D1F789A1100D1B182 /* HealthKit.framework in Frameworks */ = {isa = PBXBuildFile; fileRef = 7B49F37C1F789A1100D1B182 /* HealthKit.framework */; };
		7B5026201F81B29C00B48315 /* NuevoMedicamentoFormViewController.swift in Sources */ = {isa = PBXBuildFile; fileRef = 7B50261F1F81B29C00B48315 /* NuevoMedicamentoFormViewController.swift */; };
		7B58B0C31F8FBCB3000AD43B /* InicioViewController.swift in Sources */ = {isa = PBXBuildFile; fileRef = 7B58B0C21F8FBCB3000AD43B /* InicioViewController.swift */; };
		7B5B50FA1F9792A20077984C /* UserDetailsTableViewController.swift in Sources */ = {isa = PBXBuildFile; fileRef = 7B5B50F91F9792A20077984C /* UserDetailsTableViewController.swift */; };
		7B8485DA1F785ADC0010E173 /* SaludTableViewController.swift in Sources */ = {isa = PBXBuildFile; fileRef = 7B8485D91F785ADC0010E173 /* SaludTableViewController.swift */; };
		7B96C2111F63650A003BCA78 /* Contacto.swift in Sources */ = {isa = PBXBuildFile; fileRef = 7B96C2101F63650A003BCA78 /* Contacto.swift */; };
		7B995EA01F819A520097C046 /* Eureka.framework in Frameworks */ = {isa = PBXBuildFile; fileRef = 7B89AF631F80BE2400E848E8 /* Eureka.framework */; };
		7B995EA11F819A520097C046 /* Eureka.framework in Embed Frameworks */ = {isa = PBXBuildFile; fileRef = 7B89AF631F80BE2400E848E8 /* Eureka.framework */; settings = {ATTRIBUTES = (CodeSignOnCopy, RemoveHeadersOnCopy, ); }; };
		7BAAD31A1F72DC5900E61607 /* FavoritosTableViewController.swift in Sources */ = {isa = PBXBuildFile; fileRef = 7BAAD3191F72DC5900E61607 /* FavoritosTableViewController.swift */; };
		7BB8FB0B1F70B3F600E6C51F /* AllContactsTableViewController.swift in Sources */ = {isa = PBXBuildFile; fileRef = 7BB8FB0A1F70B3F600E6C51F /* AllContactsTableViewController.swift */; };
		7BC128AF1F5CBBED00235CA5 /* TelefonoViewController.swift in Sources */ = {isa = PBXBuildFile; fileRef = 7BC128AE1F5CBBED00235CA5 /* TelefonoViewController.swift */; };
		7BC128B31F5CBC4700235CA5 /* ExtraViewController.swift in Sources */ = {isa = PBXBuildFile; fileRef = 7BC128B21F5CBC4700235CA5 /* ExtraViewController.swift */; };
		7BC32EF71F606A4100571216 /* Assets.xcassets in Resources */ = {isa = PBXBuildFile; fileRef = 7BC32EF61F606A4100571216 /* Assets.xcassets */; };
		7BD3A82B1F6C801700875458 /* ContactDetailViewController.swift in Sources */ = {isa = PBXBuildFile; fileRef = 7BD3A82A1F6C801700875458 /* ContactDetailViewController.swift */; };
		7BDAB7691F62ECCF00F6F46C /* Salud.swift in Sources */ = {isa = PBXBuildFile; fileRef = 7BDAB7681F62ECCF00F6F46C /* Salud.swift */; };
		7BDAB76B1F62ECFC00F6F46C /* Recordatorios.swift in Sources */ = {isa = PBXBuildFile; fileRef = 7BDAB76A1F62ECFC00F6F46C /* Recordatorios.swift */; };
		7BECE05C1F72FECB008880BC /* Alamofire.framework in Frameworks */ = {isa = PBXBuildFile; fileRef = 7BECE04F1F72FE26008880BC /* Alamofire.framework */; settings = {ATTRIBUTES = (Required, ); }; };
		7BECE05D1F72FECB008880BC /* Alamofire.framework in Embed Frameworks */ = {isa = PBXBuildFile; fileRef = 7BECE04F1F72FE26008880BC /* Alamofire.framework */; settings = {ATTRIBUTES = (CodeSignOnCopy, RemoveHeadersOnCopy, ); }; };
		7BEE10251F7AB5340027555E /* ConnectivityHandler.swift in Sources */ = {isa = PBXBuildFile; fileRef = 7BEE10241F7AB5340027555E /* ConnectivityHandler.swift */; };
		7BF19F891F8478C700A81A8E /* SwiftyJSON.framework in Frameworks */ = {isa = PBXBuildFile; fileRef = 7BF19F7C1F8478B900A81A8E /* SwiftyJSON.framework */; };
		7BF19F8A1F8478C700A81A8E /* SwiftyJSON.framework in Embed Frameworks */ = {isa = PBXBuildFile; fileRef = 7BF19F7C1F8478B900A81A8E /* SwiftyJSON.framework */; settings = {ATTRIBUTES = (CodeSignOnCopy, RemoveHeadersOnCopy, ); }; };
		7BF3EA1F1F7F2F590013B508 /* RegistroFormController.swift in Sources */ = {isa = PBXBuildFile; fileRef = 7BF3EA1E1F7F2F590013B508 /* RegistroFormController.swift */; };
		7BF650611F78781600528C06 /* Interface.storyboard in Resources */ = {isa = PBXBuildFile; fileRef = 7BF6505F1F78781600528C06 /* Interface.storyboard */; };
		7BF650631F78781600528C06 /* Assets.xcassets in Resources */ = {isa = PBXBuildFile; fileRef = 7BF650621F78781600528C06 /* Assets.xcassets */; };
		7BF6506A1F78781700528C06 /* ProAgeingWatch Extension.appex in Embed App Extensions */ = {isa = PBXBuildFile; fileRef = 7BF650691F78781600528C06 /* ProAgeingWatch Extension.appex */; settings = {ATTRIBUTES = (RemoveHeadersOnCopy, ); }; };
		7BF6506F1F78781700528C06 /* InterfaceController.swift in Sources */ = {isa = PBXBuildFile; fileRef = 7BF6506E1F78781700528C06 /* InterfaceController.swift */; };
		7BF650711F78781700528C06 /* ExtensionDelegate.swift in Sources */ = {isa = PBXBuildFile; fileRef = 7BF650701F78781700528C06 /* ExtensionDelegate.swift */; };
		7BF650731F78781700528C06 /* NotificationController.swift in Sources */ = {isa = PBXBuildFile; fileRef = 7BF650721F78781700528C06 /* NotificationController.swift */; };
		7BF650751F78781700528C06 /* Assets.xcassets in Resources */ = {isa = PBXBuildFile; fileRef = 7BF650741F78781700528C06 /* Assets.xcassets */; };
		7BF6507A1F78781700528C06 /* ProAgeingWatch.app in Embed Watch Content */ = {isa = PBXBuildFile; fileRef = 7BF6505D1F78781600528C06 /* ProAgeingWatch.app */; };
		7BF9BEEC1F70C69F00BB26D1 /* ContactosTableViewCell.swift in Sources */ = {isa = PBXBuildFile; fileRef = 7BF9BEEB1F70C69F00BB26D1 /* ContactosTableViewCell.swift */; };
/* End PBXBuildFile section */

/* Begin PBXContainerItemProxy section */
		7B2F14DB1F55D6090049BA57 /* PBXContainerItemProxy */ = {
			isa = PBXContainerItemProxy;
			containerPortal = 7B2F14BC1F55D6090049BA57 /* Project object */;
			proxyType = 1;
			remoteGlobalIDString = 7B2F14C31F55D6090049BA57;
			remoteInfo = ProAgeing;
		};
		7B2F14E61F55D6090049BA57 /* PBXContainerItemProxy */ = {
			isa = PBXContainerItemProxy;
			containerPortal = 7B2F14BC1F55D6090049BA57 /* Project object */;
			proxyType = 1;
			remoteGlobalIDString = 7B2F14C31F55D6090049BA57;
			remoteInfo = ProAgeing;
		};
		7B89AF621F80BE2400E848E8 /* PBXContainerItemProxy */ = {
			isa = PBXContainerItemProxy;
			containerPortal = 7B89AF561F80BE2400E848E8 /* Eureka.xcodeproj */;
			proxyType = 2;
			remoteGlobalIDString = 51729DEB1B9A4F5E004A00EB;
			remoteInfo = Eureka;
		};
		7B89AF641F80BE2400E848E8 /* PBXContainerItemProxy */ = {
			isa = PBXContainerItemProxy;
			containerPortal = 7B89AF561F80BE2400E848E8 /* Eureka.xcodeproj */;
			proxyType = 2;
			remoteGlobalIDString = 51729DF51B9A4F5E004A00EB;
			remoteInfo = EurekaTests;
		};
		7B995EA21F819A520097C046 /* PBXContainerItemProxy */ = {
			isa = PBXContainerItemProxy;
			containerPortal = 7B89AF561F80BE2400E848E8 /* Eureka.xcodeproj */;
			proxyType = 1;
			remoteGlobalIDString = 51729DEA1B9A4F5E004A00EB;
			remoteInfo = Eureka;
		};
		7BECE04E1F72FE26008880BC /* PBXContainerItemProxy */ = {
			isa = PBXContainerItemProxy;
			containerPortal = 7BECE0431F72FE26008880BC /* Alamofire.xcodeproj */;
			proxyType = 2;
			remoteGlobalIDString = F8111E3319A95C8B0040E7D1;
			remoteInfo = "Alamofire iOS";
		};
		7BECE0501F72FE26008880BC /* PBXContainerItemProxy */ = {
			isa = PBXContainerItemProxy;
			containerPortal = 7BECE0431F72FE26008880BC /* Alamofire.xcodeproj */;
			proxyType = 2;
			remoteGlobalIDString = F8111E3E19A95C8B0040E7D1;
			remoteInfo = "Alamofire iOS Tests";
		};
		7BECE0521F72FE26008880BC /* PBXContainerItemProxy */ = {
			isa = PBXContainerItemProxy;
			containerPortal = 7BECE0431F72FE26008880BC /* Alamofire.xcodeproj */;
			proxyType = 2;
			remoteGlobalIDString = 4DD67C0B1A5C55C900ED2280;
			remoteInfo = "Alamofire macOS";
		};
		7BECE0541F72FE26008880BC /* PBXContainerItemProxy */ = {
			isa = PBXContainerItemProxy;
			containerPortal = 7BECE0431F72FE26008880BC /* Alamofire.xcodeproj */;
			proxyType = 2;
			remoteGlobalIDString = F829C6B21A7A94F100A2CD59;
			remoteInfo = "Alamofire macOS Tests";
		};
		7BECE0561F72FE26008880BC /* PBXContainerItemProxy */ = {
			isa = PBXContainerItemProxy;
			containerPortal = 7BECE0431F72FE26008880BC /* Alamofire.xcodeproj */;
			proxyType = 2;
			remoteGlobalIDString = 4CF626EF1BA7CB3E0011A099;
			remoteInfo = "Alamofire tvOS";
		};
		7BECE0581F72FE26008880BC /* PBXContainerItemProxy */ = {
			isa = PBXContainerItemProxy;
			containerPortal = 7BECE0431F72FE26008880BC /* Alamofire.xcodeproj */;
			proxyType = 2;
			remoteGlobalIDString = 4CF626F81BA7CB3E0011A099;
			remoteInfo = "Alamofire tvOS Tests";
		};
		7BECE05A1F72FE26008880BC /* PBXContainerItemProxy */ = {
			isa = PBXContainerItemProxy;
			containerPortal = 7BECE0431F72FE26008880BC /* Alamofire.xcodeproj */;
			proxyType = 2;
			remoteGlobalIDString = E4202FE01B667AA100C997FB;
			remoteInfo = "Alamofire watchOS";
		};
		7BECE05E1F72FECB008880BC /* PBXContainerItemProxy */ = {
			isa = PBXContainerItemProxy;
			containerPortal = 7BECE0431F72FE26008880BC /* Alamofire.xcodeproj */;
			proxyType = 1;
			remoteGlobalIDString = F8111E3219A95C8B0040E7D1;
			remoteInfo = "Alamofire iOS";
		};
		7BF19F7B1F8478B900A81A8E /* PBXContainerItemProxy */ = {
			isa = PBXContainerItemProxy;
			containerPortal = 7BF19F681F8478B800A81A8E /* SwiftyJSON.xcodeproj */;
			proxyType = 2;
			remoteGlobalIDString = 2E4FEFDB19575BE100351305;
			remoteInfo = "SwiftyJSON iOS";
		};
		7BF19F7D1F8478B900A81A8E /* PBXContainerItemProxy */ = {
			isa = PBXContainerItemProxy;
			containerPortal = 7BF19F681F8478B800A81A8E /* SwiftyJSON.xcodeproj */;
			proxyType = 2;
			remoteGlobalIDString = 2E4FEFE619575BE100351305;
			remoteInfo = "SwiftyJSON iOS Tests";
		};
		7BF19F7F1F8478B900A81A8E /* PBXContainerItemProxy */ = {
			isa = PBXContainerItemProxy;
			containerPortal = 7BF19F681F8478B800A81A8E /* SwiftyJSON.xcodeproj */;
			proxyType = 2;
			remoteGlobalIDString = 9C7DFC5B1A9102BD005AA3F7;
			remoteInfo = "SwiftyJSON macOS";
		};
		7BF19F811F8478B900A81A8E /* PBXContainerItemProxy */ = {
			isa = PBXContainerItemProxy;
			containerPortal = 7BF19F681F8478B800A81A8E /* SwiftyJSON.xcodeproj */;
			proxyType = 2;
			remoteGlobalIDString = 9C7DFC651A9102BD005AA3F7;
			remoteInfo = "SwiftyJSON macOS Tests";
		};
		7BF19F831F8478B900A81A8E /* PBXContainerItemProxy */ = {
			isa = PBXContainerItemProxy;
			containerPortal = 7BF19F681F8478B800A81A8E /* SwiftyJSON.xcodeproj */;
			proxyType = 2;
			remoteGlobalIDString = E4D7CCE81B9465A700EE7221;
			remoteInfo = "SwiftyJSON watchOS";
		};
		7BF19F851F8478B900A81A8E /* PBXContainerItemProxy */ = {
			isa = PBXContainerItemProxy;
			containerPortal = 7BF19F681F8478B800A81A8E /* SwiftyJSON.xcodeproj */;
			proxyType = 2;
			remoteGlobalIDString = 7236B4F61BAC14150020529B;
			remoteInfo = "SwiftyJSON tvOS";
		};
		7BF19F871F8478B900A81A8E /* PBXContainerItemProxy */ = {
			isa = PBXContainerItemProxy;
			containerPortal = 7BF19F681F8478B800A81A8E /* SwiftyJSON.xcodeproj */;
			proxyType = 2;
			remoteGlobalIDString = A8580F741BCF5C5B00DA927B;
			remoteInfo = "SwiftyJSON tvOS Tests";
		};
		7BF19F8B1F8478C700A81A8E /* PBXContainerItemProxy */ = {
			isa = PBXContainerItemProxy;
			containerPortal = 7BF19F681F8478B800A81A8E /* SwiftyJSON.xcodeproj */;
			proxyType = 1;
			remoteGlobalIDString = 2E4FEFDA19575BE100351305;
			remoteInfo = "SwiftyJSON iOS";
		};
		7BF6506B1F78781700528C06 /* PBXContainerItemProxy */ = {
			isa = PBXContainerItemProxy;
			containerPortal = 7B2F14BC1F55D6090049BA57 /* Project object */;
			proxyType = 1;
			remoteGlobalIDString = 7BF650681F78781600528C06;
			remoteInfo = "ProAgeingWatch Extension";
		};
		7BF650781F78781700528C06 /* PBXContainerItemProxy */ = {
			isa = PBXContainerItemProxy;
			containerPortal = 7B2F14BC1F55D6090049BA57 /* Project object */;
			proxyType = 1;
			remoteGlobalIDString = 7BF6505C1F78781600528C06;
			remoteInfo = ProAgeingWatch;
		};
/* End PBXContainerItemProxy section */

/* Begin PBXCopyFilesBuildPhase section */
		7BECE0631F72FECC008880BC /* Embed Frameworks */ = {
			isa = PBXCopyFilesBuildPhase;
			buildActionMask = 2147483647;
			dstPath = "";
			dstSubfolderSpec = 10;
			files = (
				7BECE05D1F72FECB008880BC /* Alamofire.framework in Embed Frameworks */,
				7B995EA11F819A520097C046 /* Eureka.framework in Embed Frameworks */,
				7BF19F8A1F8478C700A81A8E /* SwiftyJSON.framework in Embed Frameworks */,
			);
			name = "Embed Frameworks";
			runOnlyForDeploymentPostprocessing = 0;
		};
		7BF6507E1F78781700528C06 /* Embed App Extensions */ = {
			isa = PBXCopyFilesBuildPhase;
			buildActionMask = 2147483647;
			dstPath = "";
			dstSubfolderSpec = 13;
			files = (
				7BF6506A1F78781700528C06 /* ProAgeingWatch Extension.appex in Embed App Extensions */,
			);
			name = "Embed App Extensions";
			runOnlyForDeploymentPostprocessing = 0;
		};
		7BF650821F78781700528C06 /* Embed Watch Content */ = {
			isa = PBXCopyFilesBuildPhase;
			buildActionMask = 2147483647;
			dstPath = "$(CONTENTS_FOLDER_PATH)/Watch";
			dstSubfolderSpec = 16;
			files = (
				7BF6507A1F78781700528C06 /* ProAgeingWatch.app in Embed Watch Content */,
			);
			name = "Embed Watch Content";
			runOnlyForDeploymentPostprocessing = 0;
		};
/* End PBXCopyFilesBuildPhase section */

/* Begin PBXFileReference section */
		7B0156AC1F5FA88100F92CE7 /* Usuario.swift */ = {isa = PBXFileReference; lastKnownFileType = sourcecode.swift; path = Usuario.swift; sourceTree = "<group>"; };
		7B0F4C921F5875A6001EBD1E /* LoginViewController.swift */ = {isa = PBXFileReference; fileEncoding = 4; lastKnownFileType = sourcecode.swift; path = LoginViewController.swift; sourceTree = "<group>"; };
		7B2F14C41F55D6090049BA57 /* ProAgeing.app */ = {isa = PBXFileReference; explicitFileType = wrapper.application; includeInIndex = 0; path = ProAgeing.app; sourceTree = BUILT_PRODUCTS_DIR; };
		7B2F14C71F55D6090049BA57 /* AppDelegate.swift */ = {isa = PBXFileReference; lastKnownFileType = sourcecode.swift; path = AppDelegate.swift; sourceTree = "<group>"; };
		7B2F14CB1F55D6090049BA57 /* RecordatoriosViewController.swift */ = {isa = PBXFileReference; lastKnownFileType = sourcecode.swift; path = RecordatoriosViewController.swift; sourceTree = "<group>"; };
		7B2F14CE1F55D6090049BA57 /* Base */ = {isa = PBXFileReference; lastKnownFileType = file.storyboard; name = Base; path = Base.lproj/Main.storyboard; sourceTree = "<group>"; };
		7B2F14D31F55D6090049BA57 /* Base */ = {isa = PBXFileReference; lastKnownFileType = file.storyboard; name = Base; path = Base.lproj/LaunchScreen.storyboard; sourceTree = "<group>"; };
		7B2F14D51F55D6090049BA57 /* Info.plist */ = {isa = PBXFileReference; lastKnownFileType = text.plist.xml; path = Info.plist; sourceTree = "<group>"; };
		7B2F14DA1F55D6090049BA57 /* ProAgeingTests.xctest */ = {isa = PBXFileReference; explicitFileType = wrapper.cfbundle; includeInIndex = 0; path = ProAgeingTests.xctest; sourceTree = BUILT_PRODUCTS_DIR; };
		7B2F14DE1F55D6090049BA57 /* ProAgeingTests.swift */ = {isa = PBXFileReference; lastKnownFileType = sourcecode.swift; path = ProAgeingTests.swift; sourceTree = "<group>"; };
		7B2F14E01F55D6090049BA57 /* Info.plist */ = {isa = PBXFileReference; lastKnownFileType = text.plist.xml; path = Info.plist; sourceTree = "<group>"; };
		7B2F14E51F55D6090049BA57 /* ProAgeingUITests.xctest */ = {isa = PBXFileReference; explicitFileType = wrapper.cfbundle; includeInIndex = 0; path = ProAgeingUITests.xctest; sourceTree = BUILT_PRODUCTS_DIR; };
		7B2F14E91F55D6090049BA57 /* ProAgeingUITests.swift */ = {isa = PBXFileReference; lastKnownFileType = sourcecode.swift; path = ProAgeingUITests.swift; sourceTree = "<group>"; };
		7B2F14EB1F55D6090049BA57 /* Info.plist */ = {isa = PBXFileReference; lastKnownFileType = text.plist.xml; path = Info.plist; sourceTree = "<group>"; };
		7B30F23E1FA24C1C00A06469 /* Medicamento.swift */ = {isa = PBXFileReference; lastKnownFileType = sourcecode.swift; path = Medicamento.swift; sourceTree = "<group>"; };
		7B49F36A1F78984A00D1B182 /* Info.plist */ = {isa = PBXFileReference; lastKnownFileType = text.plist.xml; path = Info.plist; sourceTree = "<group>"; };
		7B49F3791F7899F400D1B182 /* HealthKit.framework */ = {isa = PBXFileReference; lastKnownFileType = wrapper.framework; name = HealthKit.framework; path = System/Library/Frameworks/HealthKit.framework; sourceTree = SDKROOT; };
		7B49F37B1F789A1100D1B182 /* ProAgeingWatch Extension.entitlements */ = {isa = PBXFileReference; lastKnownFileType = text.plist.entitlements; path = "ProAgeingWatch Extension.entitlements"; sourceTree = "<group>"; };
		7B49F37C1F789A1100D1B182 /* HealthKit.framework */ = {isa = PBXFileReference; lastKnownFileType = wrapper.framework; name = HealthKit.framework; path = Platforms/WatchOS.platform/Developer/SDKs/WatchOS4.0.sdk/System/Library/Frameworks/HealthKit.framework; sourceTree = DEVELOPER_DIR; };
		7B49F37E1F789A6900D1B182 /* ProAgeing.entitlements */ = {isa = PBXFileReference; lastKnownFileType = text.plist.entitlements; path = ProAgeing.entitlements; sourceTree = "<group>"; };
		7B50261F1F81B29C00B48315 /* NuevoMedicamentoFormViewController.swift */ = {isa = PBXFileReference; lastKnownFileType = sourcecode.swift; path = NuevoMedicamentoFormViewController.swift; sourceTree = "<group>"; };
		7B58B0C21F8FBCB3000AD43B /* InicioViewController.swift */ = {isa = PBXFileReference; lastKnownFileType = sourcecode.swift; path = InicioViewController.swift; sourceTree = "<group>"; };
		7B5B50F91F9792A20077984C /* UserDetailsTableViewController.swift */ = {isa = PBXFileReference; lastKnownFileType = sourcecode.swift; path = UserDetailsTableViewController.swift; sourceTree = "<group>"; };
		7B8485D91F785ADC0010E173 /* SaludTableViewController.swift */ = {isa = PBXFileReference; lastKnownFileType = sourcecode.swift; path = SaludTableViewController.swift; sourceTree = "<group>"; };
		7B89AF561F80BE2400E848E8 /* Eureka.xcodeproj */ = {isa = PBXFileReference; lastKnownFileType = "wrapper.pb-project"; name = Eureka.xcodeproj; path = Eureka/Eureka.xcodeproj; sourceTree = "<group>"; };
		7B96C2101F63650A003BCA78 /* Contacto.swift */ = {isa = PBXFileReference; lastKnownFileType = sourcecode.swift; path = Contacto.swift; sourceTree = "<group>"; };
		7BA1A2531F7430A6005B11C3 /* GoogleService-Info.plist */ = {isa = PBXFileReference; lastKnownFileType = text.plist.xml; path = "GoogleService-Info.plist"; sourceTree = "<group>"; };
		7BAAD3191F72DC5900E61607 /* FavoritosTableViewController.swift */ = {isa = PBXFileReference; lastKnownFileType = sourcecode.swift; path = FavoritosTableViewController.swift; sourceTree = "<group>"; };
		7BB8FB0A1F70B3F600E6C51F /* AllContactsTableViewController.swift */ = {isa = PBXFileReference; fileEncoding = 4; lastKnownFileType = sourcecode.swift; path = AllContactsTableViewController.swift; sourceTree = "<group>"; };
		7BC128AE1F5CBBED00235CA5 /* TelefonoViewController.swift */ = {isa = PBXFileReference; fileEncoding = 4; lastKnownFileType = sourcecode.swift; path = TelefonoViewController.swift; sourceTree = "<group>"; };
		7BC128B21F5CBC4700235CA5 /* ExtraViewController.swift */ = {isa = PBXFileReference; fileEncoding = 4; lastKnownFileType = sourcecode.swift; path = ExtraViewController.swift; sourceTree = "<group>"; };
		7BC32EF61F606A4100571216 /* Assets.xcassets */ = {isa = PBXFileReference; lastKnownFileType = folder.assetcatalog; path = Assets.xcassets; sourceTree = "<group>"; };
		7BD3A82A1F6C801700875458 /* ContactDetailViewController.swift */ = {isa = PBXFileReference; lastKnownFileType = sourcecode.swift; path = ContactDetailViewController.swift; sourceTree = "<group>"; };
		7BDAB7681F62ECCF00F6F46C /* Salud.swift */ = {isa = PBXFileReference; lastKnownFileType = sourcecode.swift; path = Salud.swift; sourceTree = "<group>"; };
		7BDAB76A1F62ECFC00F6F46C /* Recordatorios.swift */ = {isa = PBXFileReference; lastKnownFileType = sourcecode.swift; path = Recordatorios.swift; sourceTree = "<group>"; };
		7BECE0431F72FE26008880BC /* Alamofire.xcodeproj */ = {isa = PBXFileReference; lastKnownFileType = "wrapper.pb-project"; name = Alamofire.xcodeproj; path = Alamofire/Alamofire.xcodeproj; sourceTree = "<group>"; };
		7BEE10241F7AB5340027555E /* ConnectivityHandler.swift */ = {isa = PBXFileReference; lastKnownFileType = sourcecode.swift; path = ConnectivityHandler.swift; sourceTree = "<group>"; };
		7BF19F681F8478B800A81A8E /* SwiftyJSON.xcodeproj */ = {isa = PBXFileReference; lastKnownFileType = "wrapper.pb-project"; name = SwiftyJSON.xcodeproj; path = SwiftyJSON/SwiftyJSON.xcodeproj; sourceTree = "<group>"; };
		7BF3EA1E1F7F2F590013B508 /* RegistroFormController.swift */ = {isa = PBXFileReference; lastKnownFileType = sourcecode.swift; path = RegistroFormController.swift; sourceTree = "<group>"; };
		7BF6505D1F78781600528C06 /* ProAgeingWatch.app */ = {isa = PBXFileReference; explicitFileType = wrapper.application; includeInIndex = 0; path = ProAgeingWatch.app; sourceTree = BUILT_PRODUCTS_DIR; };
		7BF650601F78781600528C06 /* Base */ = {isa = PBXFileReference; lastKnownFileType = file.storyboard; name = Base; path = Base.lproj/Interface.storyboard; sourceTree = "<group>"; };
		7BF650621F78781600528C06 /* Assets.xcassets */ = {isa = PBXFileReference; lastKnownFileType = folder.assetcatalog; path = Assets.xcassets; sourceTree = "<group>"; };
		7BF650641F78781600528C06 /* Info.plist */ = {isa = PBXFileReference; lastKnownFileType = text.plist.xml; path = Info.plist; sourceTree = "<group>"; };
		7BF650691F78781600528C06 /* ProAgeingWatch Extension.appex */ = {isa = PBXFileReference; explicitFileType = "wrapper.app-extension"; includeInIndex = 0; path = "ProAgeingWatch Extension.appex"; sourceTree = BUILT_PRODUCTS_DIR; };
		7BF6506E1F78781700528C06 /* InterfaceController.swift */ = {isa = PBXFileReference; lastKnownFileType = sourcecode.swift; path = InterfaceController.swift; sourceTree = "<group>"; };
		7BF650701F78781700528C06 /* ExtensionDelegate.swift */ = {isa = PBXFileReference; lastKnownFileType = sourcecode.swift; path = ExtensionDelegate.swift; sourceTree = "<group>"; };
		7BF650721F78781700528C06 /* NotificationController.swift */ = {isa = PBXFileReference; lastKnownFileType = sourcecode.swift; path = NotificationController.swift; sourceTree = "<group>"; };
		7BF650741F78781700528C06 /* Assets.xcassets */ = {isa = PBXFileReference; lastKnownFileType = folder.assetcatalog; path = Assets.xcassets; sourceTree = "<group>"; };
		7BF650771F78781700528C06 /* PushNotificationPayload.apns */ = {isa = PBXFileReference; lastKnownFileType = text; path = PushNotificationPayload.apns; sourceTree = "<group>"; };
		7BF9BEEB1F70C69F00BB26D1 /* ContactosTableViewCell.swift */ = {isa = PBXFileReference; lastKnownFileType = sourcecode.swift; path = ContactosTableViewCell.swift; sourceTree = "<group>"; };
/* End PBXFileReference section */

/* Begin PBXFrameworksBuildPhase section */
		58FCC8DE9C4176D068AD5AAB /* Frameworks */ = {
			isa = PBXFrameworksBuildPhase;
			buildActionMask = 2147483647;
			files = (
			);
			runOnlyForDeploymentPostprocessing = 0;
		};
		7B2F14C11F55D6090049BA57 /* Frameworks */ = {
			isa = PBXFrameworksBuildPhase;
			buildActionMask = 2147483647;
			files = (
				7BF19F891F8478C700A81A8E /* SwiftyJSON.framework in Frameworks */,
				7B49F37A1F7899F400D1B182 /* HealthKit.framework in Frameworks */,
				7B995EA01F819A520097C046 /* Eureka.framework in Frameworks */,
				7BECE05C1F72FECB008880BC /* Alamofire.framework in Frameworks */,
			);
			runOnlyForDeploymentPostprocessing = 0;
		};
		7B2F14D71F55D6090049BA57 /* Frameworks */ = {
			isa = PBXFrameworksBuildPhase;
			buildActionMask = 2147483647;
			files = (
			);
			runOnlyForDeploymentPostprocessing = 0;
		};
		7B2F14E21F55D6090049BA57 /* Frameworks */ = {
			isa = PBXFrameworksBuildPhase;
			buildActionMask = 2147483647;
			files = (
			);
			runOnlyForDeploymentPostprocessing = 0;
		};
		7BF650661F78781600528C06 /* Frameworks */ = {
			isa = PBXFrameworksBuildPhase;
			buildActionMask = 2147483647;
			files = (
				7B49F37D1F789A1100D1B182 /* HealthKit.framework in Frameworks */,
			);
			runOnlyForDeploymentPostprocessing = 0;
		};
/* End PBXFrameworksBuildPhase section */

/* Begin PBXGroup section */
		347BAFF50050F3BD8853791F /* Frameworks */ = {
			isa = PBXGroup;
			children = (
				7B49F37C1F789A1100D1B182 /* HealthKit.framework */,
				7B49F3791F7899F400D1B182 /* HealthKit.framework */,
			);
			name = Frameworks;
			sourceTree = "<group>";
		};
		7B2F14BB1F55D6090049BA57 = {
			isa = PBXGroup;
			children = (
				7BF19F681F8478B800A81A8E /* SwiftyJSON.xcodeproj */,
				7BECE0431F72FE26008880BC /* Alamofire.xcodeproj */,
				7B89AF561F80BE2400E848E8 /* Eureka.xcodeproj */,
				7B2F14C61F55D6090049BA57 /* ProAgeing */,
				7B2F14DD1F55D6090049BA57 /* ProAgeingTests */,
				7B2F14E81F55D6090049BA57 /* ProAgeingUITests */,
				7BF6505E1F78781600528C06 /* ProAgeingWatch */,
				7BF6506D1F78781700528C06 /* ProAgeingWatch Extension */,
				7B2F14C51F55D6090049BA57 /* Products */,
				347BAFF50050F3BD8853791F /* Frameworks */,
			);
			sourceTree = "<group>";
		};
		7B2F14C51F55D6090049BA57 /* Products */ = {
			isa = PBXGroup;
			children = (
				7B2F14C41F55D6090049BA57 /* ProAgeing.app */,
				7B2F14DA1F55D6090049BA57 /* ProAgeingTests.xctest */,
				7B2F14E51F55D6090049BA57 /* ProAgeingUITests.xctest */,
				7BF6505D1F78781600528C06 /* ProAgeingWatch.app */,
				7BF650691F78781600528C06 /* ProAgeingWatch Extension.appex */,
			);
			name = Products;
			sourceTree = "<group>";
		};
		7B2F14C61F55D6090049BA57 /* ProAgeing */ = {
			isa = PBXGroup;
			children = (
				7B49F37E1F789A6900D1B182 /* ProAgeing.entitlements */,
				7B2F14C71F55D6090049BA57 /* AppDelegate.swift */,
				7BDAB7671F62EC0F00F6F46C /* Model */,
				7B96C20F1F62FAAF003BCA78 /* Contactos */,
				7BAAE3C91F6967B20002ACD6 /* Registro */,
				7B8A1B0D1F6B82200076D685 /* Recordatorios */,
				7B80DF831F74503400F75490 /* Inicio */,
				7BF650571F78739100528C06 /* Salud */,
				7BC128B21F5CBC4700235CA5 /* ExtraViewController.swift */,
				7B0F4C921F5875A6001EBD1E /* LoginViewController.swift */,
				7B2F14CD1F55D6090049BA57 /* Main.storyboard */,
				7BC32EF61F606A4100571216 /* Assets.xcassets */,
				7B2F14D21F55D6090049BA57 /* LaunchScreen.storyboard */,
				7BA1A2531F7430A6005B11C3 /* GoogleService-Info.plist */,
				7B2F14D51F55D6090049BA57 /* Info.plist */,
			);
			path = ProAgeing;
			sourceTree = "<group>";
		};
		7B2F14DD1F55D6090049BA57 /* ProAgeingTests */ = {
			isa = PBXGroup;
			children = (
				7B2F14DE1F55D6090049BA57 /* ProAgeingTests.swift */,
				7B2F14E01F55D6090049BA57 /* Info.plist */,
			);
			path = ProAgeingTests;
			sourceTree = "<group>";
		};
		7B2F14E81F55D6090049BA57 /* ProAgeingUITests */ = {
			isa = PBXGroup;
			children = (
				7B2F14E91F55D6090049BA57 /* ProAgeingUITests.swift */,
				7B2F14EB1F55D6090049BA57 /* Info.plist */,
			);
			path = ProAgeingUITests;
			sourceTree = "<group>";
		};
		7B80DF831F74503400F75490 /* Inicio */ = {
			isa = PBXGroup;
			children = (
				7B58B0C21F8FBCB3000AD43B /* InicioViewController.swift */,
				7B5B50F91F9792A20077984C /* UserDetailsTableViewController.swift */,
			);
			path = Inicio;
			sourceTree = "<group>";
		};
		7B89AF571F80BE2400E848E8 /* Products */ = {
			isa = PBXGroup;
			children = (
				7B89AF631F80BE2400E848E8 /* Eureka.framework */,
				7B89AF651F80BE2400E848E8 /* EurekaTests.xctest */,
			);
			name = Products;
			sourceTree = "<group>";
		};
		7B8A1B0D1F6B82200076D685 /* Recordatorios */ = {
			isa = PBXGroup;
			children = (
				7B2F14CB1F55D6090049BA57 /* RecordatoriosViewController.swift */,
				7B50261F1F81B29C00B48315 /* NuevoMedicamentoFormViewController.swift */,
			);
			path = Recordatorios;
			sourceTree = "<group>";
		};
		7B96C20F1F62FAAF003BCA78 /* Contactos */ = {
			isa = PBXGroup;
			children = (
				7BC128AE1F5CBBED00235CA5 /* TelefonoViewController.swift */,
				7BB8FB0A1F70B3F600E6C51F /* AllContactsTableViewController.swift */,
				7BAAD3191F72DC5900E61607 /* FavoritosTableViewController.swift */,
				7BD3A82A1F6C801700875458 /* ContactDetailViewController.swift */,
				7BF9BEEB1F70C69F00BB26D1 /* ContactosTableViewCell.swift */,
			);
			path = Contactos;
			sourceTree = "<group>";
		};
		7BAAE3C91F6967B20002ACD6 /* Registro */ = {
			isa = PBXGroup;
			children = (
				7BF3EA1E1F7F2F590013B508 /* RegistroFormController.swift */,
			);
			path = Registro;
			sourceTree = "<group>";
		};
		7BDAB7671F62EC0F00F6F46C /* Model */ = {
			isa = PBXGroup;
			children = (
				7B0156AC1F5FA88100F92CE7 /* Usuario.swift */,
				7B30F23E1FA24C1C00A06469 /* Medicamento.swift */,
				7BDAB7681F62ECCF00F6F46C /* Salud.swift */,
				7BDAB76A1F62ECFC00F6F46C /* Recordatorios.swift */,
				7B96C2101F63650A003BCA78 /* Contacto.swift */,
			);
			path = Model;
			sourceTree = "<group>";
		};
		7BECE0441F72FE26008880BC /* Products */ = {
			isa = PBXGroup;
			children = (
				7BECE04F1F72FE26008880BC /* Alamofire.framework */,
				7BECE0511F72FE26008880BC /* Alamofire iOS Tests.xctest */,
				7BECE0531F72FE26008880BC /* Alamofire.framework */,
				7BECE0551F72FE26008880BC /* Alamofire macOS Tests.xctest */,
				7BECE0571F72FE26008880BC /* Alamofire.framework */,
				7BECE0591F72FE26008880BC /* Alamofire tvOS Tests.xctest */,
				7BECE05B1F72FE26008880BC /* Alamofire.framework */,
			);
			name = Products;
			sourceTree = "<group>";
		};
		7BF19F691F8478B800A81A8E /* Products */ = {
			isa = PBXGroup;
			children = (
				7BF19F7C1F8478B900A81A8E /* SwiftyJSON.framework */,
				7BF19F7E1F8478B900A81A8E /* SwiftyJSON iOS Tests.xctest */,
				7BF19F801F8478B900A81A8E /* SwiftyJSON.framework */,
				7BF19F821F8478B900A81A8E /* SwiftyJSON macOS Tests.xctest */,
				7BF19F841F8478B900A81A8E /* SwiftyJSON.framework */,
				7BF19F861F8478B900A81A8E /* SwiftyJSON.framework */,
				7BF19F881F8478B900A81A8E /* SwiftyJSON tvOS Tests.xctest */,
			);
			name = Products;
			sourceTree = "<group>";
		};
		7BF650571F78739100528C06 /* Salud */ = {
			isa = PBXGroup;
			children = (
				7B8485D91F785ADC0010E173 /* SaludTableViewController.swift */,
				7BEE10241F7AB5340027555E /* ConnectivityHandler.swift */,
			);
			path = Salud;
			sourceTree = "<group>";
		};
		7BF6505E1F78781600528C06 /* ProAgeingWatch */ = {
			isa = PBXGroup;
			children = (
				7BF6505F1F78781600528C06 /* Interface.storyboard */,
				7BF650621F78781600528C06 /* Assets.xcassets */,
				7BF650641F78781600528C06 /* Info.plist */,
			);
			path = ProAgeingWatch;
			sourceTree = "<group>";
		};
		7BF6506D1F78781700528C06 /* ProAgeingWatch Extension */ = {
			isa = PBXGroup;
			children = (
				7B49F37B1F789A1100D1B182 /* ProAgeingWatch Extension.entitlements */,
				7B49F36A1F78984A00D1B182 /* Info.plist */,
				7BF6506E1F78781700528C06 /* InterfaceController.swift */,
				7BF650701F78781700528C06 /* ExtensionDelegate.swift */,
				7BF650721F78781700528C06 /* NotificationController.swift */,
				7BF650741F78781700528C06 /* Assets.xcassets */,
				7BF650771F78781700528C06 /* PushNotificationPayload.apns */,
			);
			path = "ProAgeingWatch Extension";
			sourceTree = "<group>";
		};
/* End PBXGroup section */

/* Begin PBXNativeTarget section */
		7B2F14C31F55D6090049BA57 /* ProAgeing */ = {
			isa = PBXNativeTarget;
			buildConfigurationList = 7B2F14EE1F55D6090049BA57 /* Build configuration list for PBXNativeTarget "ProAgeing" */;
			buildPhases = (
				7B2F14C01F55D6090049BA57 /* Sources */,
				7B2F14C11F55D6090049BA57 /* Frameworks */,
				7B2F14C21F55D6090049BA57 /* Resources */,
				7BECE0631F72FECC008880BC /* Embed Frameworks */,
				7BF650821F78781700528C06 /* Embed Watch Content */,
			);
			buildRules = (
			);
			dependencies = (
				7BECE05F1F72FECB008880BC /* PBXTargetDependency */,
				7BF650791F78781700528C06 /* PBXTargetDependency */,
				7B995EA31F819A520097C046 /* PBXTargetDependency */,
				7BF19F8C1F8478C700A81A8E /* PBXTargetDependency */,
			);
			name = ProAgeing;
			productName = ProAgeing;
			productReference = 7B2F14C41F55D6090049BA57 /* ProAgeing.app */;
			productType = "com.apple.product-type.application";
		};
		7B2F14D91F55D6090049BA57 /* ProAgeingTests */ = {
			isa = PBXNativeTarget;
			buildConfigurationList = 7B2F14F11F55D6090049BA57 /* Build configuration list for PBXNativeTarget "ProAgeingTests" */;
			buildPhases = (
				7B2F14D61F55D6090049BA57 /* Sources */,
				7B2F14D71F55D6090049BA57 /* Frameworks */,
				7B2F14D81F55D6090049BA57 /* Resources */,
			);
			buildRules = (
			);
			dependencies = (
				7B2F14DC1F55D6090049BA57 /* PBXTargetDependency */,
			);
			name = ProAgeingTests;
			productName = ProAgeingTests;
			productReference = 7B2F14DA1F55D6090049BA57 /* ProAgeingTests.xctest */;
			productType = "com.apple.product-type.bundle.unit-test";
		};
		7B2F14E41F55D6090049BA57 /* ProAgeingUITests */ = {
			isa = PBXNativeTarget;
			buildConfigurationList = 7B2F14F41F55D6090049BA57 /* Build configuration list for PBXNativeTarget "ProAgeingUITests" */;
			buildPhases = (
				7B2F14E11F55D6090049BA57 /* Sources */,
				7B2F14E21F55D6090049BA57 /* Frameworks */,
				7B2F14E31F55D6090049BA57 /* Resources */,
			);
			buildRules = (
			);
			dependencies = (
				7B2F14E71F55D6090049BA57 /* PBXTargetDependency */,
			);
			name = ProAgeingUITests;
			productName = ProAgeingUITests;
			productReference = 7B2F14E51F55D6090049BA57 /* ProAgeingUITests.xctest */;
			productType = "com.apple.product-type.bundle.ui-testing";
		};
		7BF6505C1F78781600528C06 /* ProAgeingWatch */ = {
			isa = PBXNativeTarget;
			buildConfigurationList = 7BF6507F1F78781700528C06 /* Build configuration list for PBXNativeTarget "ProAgeingWatch" */;
			buildPhases = (
				7BF6505B1F78781600528C06 /* Resources */,
				7BF6507E1F78781700528C06 /* Embed App Extensions */,
				58FCC8DE9C4176D068AD5AAB /* Frameworks */,
			);
			buildRules = (
			);
			dependencies = (
				7BF6506C1F78781700528C06 /* PBXTargetDependency */,
			);
			name = ProAgeingWatch;
			productName = ProAgeingWatch;
			productReference = 7BF6505D1F78781600528C06 /* ProAgeingWatch.app */;
			productType = "com.apple.product-type.application.watchapp2";
		};
		7BF650681F78781600528C06 /* ProAgeingWatch Extension */ = {
			isa = PBXNativeTarget;
			buildConfigurationList = 7BF6507B1F78781700528C06 /* Build configuration list for PBXNativeTarget "ProAgeingWatch Extension" */;
			buildPhases = (
				7BF650651F78781600528C06 /* Sources */,
				7BF650661F78781600528C06 /* Frameworks */,
				7BF650671F78781600528C06 /* Resources */,
			);
			buildRules = (
			);
			dependencies = (
			);
			name = "ProAgeingWatch Extension";
			productName = "ProAgeingWatch Extension";
			productReference = 7BF650691F78781600528C06 /* ProAgeingWatch Extension.appex */;
			productType = "com.apple.product-type.watchkit2-extension";
		};
/* End PBXNativeTarget section */

/* Begin PBXProject section */
		7B2F14BC1F55D6090049BA57 /* Project object */ = {
			isa = PBXProject;
			attributes = {
				LastSwiftUpdateCheck = 0900;
				LastUpgradeCheck = 0900;
				ORGANIZATIONNAME = "Luis Luna";
				TargetAttributes = {
					7B2F14C31F55D6090049BA57 = {
						CreatedOnToolsVersion = 8.3.3;
						DevelopmentTeam = 7R5SGC6JP6;
						ProvisioningStyle = Automatic;
						SystemCapabilities = {
							com.apple.ApplicationGroups.iOS = {
								enabled = 1;
							};
							com.apple.HealthKit = {
								enabled = 1;
							};
							com.apple.Maps.iOS = {
								enabled = 0;
							};
						};
					};
					7B2F14D91F55D6090049BA57 = {
						CreatedOnToolsVersion = 8.3.3;
						ProvisioningStyle = Automatic;
						TestTargetID = 7B2F14C31F55D6090049BA57;
					};
					7B2F14E41F55D6090049BA57 = {
						CreatedOnToolsVersion = 8.3.3;
						ProvisioningStyle = Automatic;
						TestTargetID = 7B2F14C31F55D6090049BA57;
					};
					7BF6505C1F78781600528C06 = {
						CreatedOnToolsVersion = 9.0;
						DevelopmentTeam = 7R5SGC6JP6;
						ProvisioningStyle = Automatic;
					};
					7BF650681F78781600528C06 = {
						CreatedOnToolsVersion = 9.0;
						DevelopmentTeam = 7R5SGC6JP6;
						ProvisioningStyle = Automatic;
						SystemCapabilities = {
							com.apple.ApplicationGroups.iOS = {
								enabled = 1;
							};
							com.apple.HealthKit.watchos = {
								enabled = 1;
							};
						};
					};
				};
			};
			buildConfigurationList = 7B2F14BF1F55D6090049BA57 /* Build configuration list for PBXProject "ProAgeing" */;
			compatibilityVersion = "Xcode 3.2";
			developmentRegion = English;
			hasScannedForEncodings = 0;
			knownRegions = (
				en,
				Base,
			);
			mainGroup = 7B2F14BB1F55D6090049BA57;
			productRefGroup = 7B2F14C51F55D6090049BA57 /* Products */;
			projectDirPath = "";
			projectReferences = (
				{
					ProductGroup = 7BECE0441F72FE26008880BC /* Products */;
					ProjectRef = 7BECE0431F72FE26008880BC /* Alamofire.xcodeproj */;
				},
				{
					ProductGroup = 7B89AF571F80BE2400E848E8 /* Products */;
					ProjectRef = 7B89AF561F80BE2400E848E8 /* Eureka.xcodeproj */;
				},
				{
					ProductGroup = 7BF19F691F8478B800A81A8E /* Products */;
					ProjectRef = 7BF19F681F8478B800A81A8E /* SwiftyJSON.xcodeproj */;
				},
			);
			projectRoot = "";
			targets = (
				7B2F14C31F55D6090049BA57 /* ProAgeing */,
				7B2F14D91F55D6090049BA57 /* ProAgeingTests */,
				7B2F14E41F55D6090049BA57 /* ProAgeingUITests */,
				7BF6505C1F78781600528C06 /* ProAgeingWatch */,
				7BF650681F78781600528C06 /* ProAgeingWatch Extension */,
			);
		};
/* End PBXProject section */

/* Begin PBXReferenceProxy section */
		7B89AF631F80BE2400E848E8 /* Eureka.framework */ = {
			isa = PBXReferenceProxy;
			fileType = wrapper.framework;
			path = Eureka.framework;
			remoteRef = 7B89AF621F80BE2400E848E8 /* PBXContainerItemProxy */;
			sourceTree = BUILT_PRODUCTS_DIR;
		};
		7B89AF651F80BE2400E848E8 /* EurekaTests.xctest */ = {
			isa = PBXReferenceProxy;
			fileType = wrapper.cfbundle;
			path = EurekaTests.xctest;
			remoteRef = 7B89AF641F80BE2400E848E8 /* PBXContainerItemProxy */;
			sourceTree = BUILT_PRODUCTS_DIR;
		};
		7BECE04F1F72FE26008880BC /* Alamofire.framework */ = {
			isa = PBXReferenceProxy;
			fileType = wrapper.framework;
			path = Alamofire.framework;
			remoteRef = 7BECE04E1F72FE26008880BC /* PBXContainerItemProxy */;
			sourceTree = BUILT_PRODUCTS_DIR;
		};
		7BECE0511F72FE26008880BC /* Alamofire iOS Tests.xctest */ = {
			isa = PBXReferenceProxy;
			fileType = wrapper.cfbundle;
			path = "Alamofire iOS Tests.xctest";
			remoteRef = 7BECE0501F72FE26008880BC /* PBXContainerItemProxy */;
			sourceTree = BUILT_PRODUCTS_DIR;
		};
		7BECE0531F72FE26008880BC /* Alamofire.framework */ = {
			isa = PBXReferenceProxy;
			fileType = wrapper.framework;
			path = Alamofire.framework;
			remoteRef = 7BECE0521F72FE26008880BC /* PBXContainerItemProxy */;
			sourceTree = BUILT_PRODUCTS_DIR;
		};
		7BECE0551F72FE26008880BC /* Alamofire macOS Tests.xctest */ = {
			isa = PBXReferenceProxy;
			fileType = wrapper.cfbundle;
			path = "Alamofire macOS Tests.xctest";
			remoteRef = 7BECE0541F72FE26008880BC /* PBXContainerItemProxy */;
			sourceTree = BUILT_PRODUCTS_DIR;
		};
		7BECE0571F72FE26008880BC /* Alamofire.framework */ = {
			isa = PBXReferenceProxy;
			fileType = wrapper.framework;
			path = Alamofire.framework;
			remoteRef = 7BECE0561F72FE26008880BC /* PBXContainerItemProxy */;
			sourceTree = BUILT_PRODUCTS_DIR;
		};
		7BECE0591F72FE26008880BC /* Alamofire tvOS Tests.xctest */ = {
			isa = PBXReferenceProxy;
			fileType = wrapper.cfbundle;
			path = "Alamofire tvOS Tests.xctest";
			remoteRef = 7BECE0581F72FE26008880BC /* PBXContainerItemProxy */;
			sourceTree = BUILT_PRODUCTS_DIR;
		};
		7BECE05B1F72FE26008880BC /* Alamofire.framework */ = {
			isa = PBXReferenceProxy;
			fileType = wrapper.framework;
			path = Alamofire.framework;
			remoteRef = 7BECE05A1F72FE26008880BC /* PBXContainerItemProxy */;
			sourceTree = BUILT_PRODUCTS_DIR;
		};
		7BF19F7C1F8478B900A81A8E /* SwiftyJSON.framework */ = {
			isa = PBXReferenceProxy;
			fileType = wrapper.framework;
			path = SwiftyJSON.framework;
			remoteRef = 7BF19F7B1F8478B900A81A8E /* PBXContainerItemProxy */;
			sourceTree = BUILT_PRODUCTS_DIR;
		};
		7BF19F7E1F8478B900A81A8E /* SwiftyJSON iOS Tests.xctest */ = {
			isa = PBXReferenceProxy;
			fileType = wrapper.cfbundle;
			path = "SwiftyJSON iOS Tests.xctest";
			remoteRef = 7BF19F7D1F8478B900A81A8E /* PBXContainerItemProxy */;
			sourceTree = BUILT_PRODUCTS_DIR;
		};
		7BF19F801F8478B900A81A8E /* SwiftyJSON.framework */ = {
			isa = PBXReferenceProxy;
			fileType = wrapper.framework;
			path = SwiftyJSON.framework;
			remoteRef = 7BF19F7F1F8478B900A81A8E /* PBXContainerItemProxy */;
			sourceTree = BUILT_PRODUCTS_DIR;
		};
		7BF19F821F8478B900A81A8E /* SwiftyJSON macOS Tests.xctest */ = {
			isa = PBXReferenceProxy;
			fileType = wrapper.cfbundle;
			path = "SwiftyJSON macOS Tests.xctest";
			remoteRef = 7BF19F811F8478B900A81A8E /* PBXContainerItemProxy */;
			sourceTree = BUILT_PRODUCTS_DIR;
		};
		7BF19F841F8478B900A81A8E /* SwiftyJSON.framework */ = {
			isa = PBXReferenceProxy;
			fileType = wrapper.framework;
			path = SwiftyJSON.framework;
			remoteRef = 7BF19F831F8478B900A81A8E /* PBXContainerItemProxy */;
			sourceTree = BUILT_PRODUCTS_DIR;
		};
		7BF19F861F8478B900A81A8E /* SwiftyJSON.framework */ = {
			isa = PBXReferenceProxy;
			fileType = wrapper.framework;
			path = SwiftyJSON.framework;
			remoteRef = 7BF19F851F8478B900A81A8E /* PBXContainerItemProxy */;
			sourceTree = BUILT_PRODUCTS_DIR;
		};
		7BF19F881F8478B900A81A8E /* SwiftyJSON tvOS Tests.xctest */ = {
			isa = PBXReferenceProxy;
			fileType = wrapper.cfbundle;
			path = "SwiftyJSON tvOS Tests.xctest";
			remoteRef = 7BF19F871F8478B900A81A8E /* PBXContainerItemProxy */;
			sourceTree = BUILT_PRODUCTS_DIR;
		};
/* End PBXReferenceProxy section */

/* Begin PBXResourcesBuildPhase section */
		7B2F14C21F55D6090049BA57 /* Resources */ = {
			isa = PBXResourcesBuildPhase;
			buildActionMask = 2147483647;
			files = (
				7B2F14D41F55D6090049BA57 /* LaunchScreen.storyboard in Resources */,
				7BC32EF71F606A4100571216 /* Assets.xcassets in Resources */,
				7B2F14CF1F55D6090049BA57 /* Main.storyboard in Resources */,
			);
			runOnlyForDeploymentPostprocessing = 0;
		};
		7B2F14D81F55D6090049BA57 /* Resources */ = {
			isa = PBXResourcesBuildPhase;
			buildActionMask = 2147483647;
			files = (
			);
			runOnlyForDeploymentPostprocessing = 0;
		};
		7B2F14E31F55D6090049BA57 /* Resources */ = {
			isa = PBXResourcesBuildPhase;
			buildActionMask = 2147483647;
			files = (
			);
			runOnlyForDeploymentPostprocessing = 0;
		};
		7BF6505B1F78781600528C06 /* Resources */ = {
			isa = PBXResourcesBuildPhase;
			buildActionMask = 2147483647;
			files = (
				7BF650631F78781600528C06 /* Assets.xcassets in Resources */,
				7BF650611F78781600528C06 /* Interface.storyboard in Resources */,
			);
			runOnlyForDeploymentPostprocessing = 0;
		};
		7BF650671F78781600528C06 /* Resources */ = {
			isa = PBXResourcesBuildPhase;
			buildActionMask = 2147483647;
			files = (
				7BF650751F78781700528C06 /* Assets.xcassets in Resources */,
			);
			runOnlyForDeploymentPostprocessing = 0;
		};
/* End PBXResourcesBuildPhase section */

/* Begin PBXSourcesBuildPhase section */
		7B2F14C01F55D6090049BA57 /* Sources */ = {
			isa = PBXSourcesBuildPhase;
			buildActionMask = 2147483647;
			files = (
				7B5B50FA1F9792A20077984C /* UserDetailsTableViewController.swift in Sources */,
				7BC128AF1F5CBBED00235CA5 /* TelefonoViewController.swift in Sources */,
				7B30F23F1FA24C1C00A06469 /* Medicamento.swift in Sources */,
				7BDAB76B1F62ECFC00F6F46C /* Recordatorios.swift in Sources */,
				7BDAB7691F62ECCF00F6F46C /* Salud.swift in Sources */,
				7BEE10251F7AB5340027555E /* ConnectivityHandler.swift in Sources */,
				7B8485DA1F785ADC0010E173 /* SaludTableViewController.swift in Sources */,
				7BAAD31A1F72DC5900E61607 /* FavoritosTableViewController.swift in Sources */,
				7B58B0C31F8FBCB3000AD43B /* InicioViewController.swift in Sources */,
				7BF9BEEC1F70C69F00BB26D1 /* ContactosTableViewCell.swift in Sources */,
				7B0F4C931F5875A6001EBD1E /* LoginViewController.swift in Sources */,
				7BB8FB0B1F70B3F600E6C51F /* AllContactsTableViewController.swift in Sources */,
				7B2F14CC1F55D6090049BA57 /* RecordatoriosViewController.swift in Sources */,
				7B2F14C81F55D6090049BA57 /* AppDelegate.swift in Sources */,
				7BF3EA1F1F7F2F590013B508 /* RegistroFormController.swift in Sources */,
				7BD3A82B1F6C801700875458 /* ContactDetailViewController.swift in Sources */,
				7B0156AD1F5FA88100F92CE7 /* Usuario.swift in Sources */,
				7B96C2111F63650A003BCA78 /* Contacto.swift in Sources */,
				7BC128B31F5CBC4700235CA5 /* ExtraViewController.swift in Sources */,
				7B5026201F81B29C00B48315 /* NuevoMedicamentoFormViewController.swift in Sources */,
			);
			runOnlyForDeploymentPostprocessing = 0;
		};
		7B2F14D61F55D6090049BA57 /* Sources */ = {
			isa = PBXSourcesBuildPhase;
			buildActionMask = 2147483647;
			files = (
				7B2F14DF1F55D6090049BA57 /* ProAgeingTests.swift in Sources */,
			);
			runOnlyForDeploymentPostprocessing = 0;
		};
		7B2F14E11F55D6090049BA57 /* Sources */ = {
			isa = PBXSourcesBuildPhase;
			buildActionMask = 2147483647;
			files = (
				7B2F14EA1F55D6090049BA57 /* ProAgeingUITests.swift in Sources */,
			);
			runOnlyForDeploymentPostprocessing = 0;
		};
		7BF650651F78781600528C06 /* Sources */ = {
			isa = PBXSourcesBuildPhase;
			buildActionMask = 2147483647;
			files = (
				7BF650731F78781700528C06 /* NotificationController.swift in Sources */,
				7BF650711F78781700528C06 /* ExtensionDelegate.swift in Sources */,
				7BF6506F1F78781700528C06 /* InterfaceController.swift in Sources */,
			);
			runOnlyForDeploymentPostprocessing = 0;
		};
/* End PBXSourcesBuildPhase section */

/* Begin PBXTargetDependency section */
		7B2F14DC1F55D6090049BA57 /* PBXTargetDependency */ = {
			isa = PBXTargetDependency;
			target = 7B2F14C31F55D6090049BA57 /* ProAgeing */;
			targetProxy = 7B2F14DB1F55D6090049BA57 /* PBXContainerItemProxy */;
		};
		7B2F14E71F55D6090049BA57 /* PBXTargetDependency */ = {
			isa = PBXTargetDependency;
			target = 7B2F14C31F55D6090049BA57 /* ProAgeing */;
			targetProxy = 7B2F14E61F55D6090049BA57 /* PBXContainerItemProxy */;
		};
		7B995EA31F819A520097C046 /* PBXTargetDependency */ = {
			isa = PBXTargetDependency;
			name = Eureka;
			targetProxy = 7B995EA21F819A520097C046 /* PBXContainerItemProxy */;
		};
		7BECE05F1F72FECB008880BC /* PBXTargetDependency */ = {
			isa = PBXTargetDependency;
			name = "Alamofire iOS";
			targetProxy = 7BECE05E1F72FECB008880BC /* PBXContainerItemProxy */;
		};
		7BF19F8C1F8478C700A81A8E /* PBXTargetDependency */ = {
			isa = PBXTargetDependency;
			name = "SwiftyJSON iOS";
			targetProxy = 7BF19F8B1F8478C700A81A8E /* PBXContainerItemProxy */;
		};
		7BF6506C1F78781700528C06 /* PBXTargetDependency */ = {
			isa = PBXTargetDependency;
			target = 7BF650681F78781600528C06 /* ProAgeingWatch Extension */;
			targetProxy = 7BF6506B1F78781700528C06 /* PBXContainerItemProxy */;
		};
		7BF650791F78781700528C06 /* PBXTargetDependency */ = {
			isa = PBXTargetDependency;
			target = 7BF6505C1F78781600528C06 /* ProAgeingWatch */;
			targetProxy = 7BF650781F78781700528C06 /* PBXContainerItemProxy */;
		};
/* End PBXTargetDependency section */

/* Begin PBXVariantGroup section */
		7B2F14CD1F55D6090049BA57 /* Main.storyboard */ = {
			isa = PBXVariantGroup;
			children = (
				7B2F14CE1F55D6090049BA57 /* Base */,
			);
			name = Main.storyboard;
			sourceTree = "<group>";
		};
		7B2F14D21F55D6090049BA57 /* LaunchScreen.storyboard */ = {
			isa = PBXVariantGroup;
			children = (
				7B2F14D31F55D6090049BA57 /* Base */,
			);
			name = LaunchScreen.storyboard;
			sourceTree = "<group>";
		};
		7BF6505F1F78781600528C06 /* Interface.storyboard */ = {
			isa = PBXVariantGroup;
			children = (
				7BF650601F78781600528C06 /* Base */,
			);
			name = Interface.storyboard;
			sourceTree = "<group>";
		};
/* End PBXVariantGroup section */

/* Begin XCBuildConfiguration section */
		7B2F14EC1F55D6090049BA57 /* Debug */ = {
			isa = XCBuildConfiguration;
			buildSettings = {
				ALWAYS_SEARCH_USER_PATHS = NO;
				CLANG_ANALYZER_NONNULL = YES;
				CLANG_ANALYZER_NUMBER_OBJECT_CONVERSION = YES_AGGRESSIVE;
				CLANG_CXX_LANGUAGE_STANDARD = "gnu++0x";
				CLANG_CXX_LIBRARY = "libc++";
				CLANG_ENABLE_MODULES = YES;
				CLANG_ENABLE_OBJC_ARC = YES;
				CLANG_WARN_BLOCK_CAPTURE_AUTORELEASING = YES;
				CLANG_WARN_BOOL_CONVERSION = YES;
				CLANG_WARN_COMMA = YES;
				CLANG_WARN_CONSTANT_CONVERSION = YES;
				CLANG_WARN_DIRECT_OBJC_ISA_USAGE = YES_ERROR;
				CLANG_WARN_DOCUMENTATION_COMMENTS = YES;
				CLANG_WARN_EMPTY_BODY = YES;
				CLANG_WARN_ENUM_CONVERSION = YES;
				CLANG_WARN_INFINITE_RECURSION = YES;
				CLANG_WARN_INT_CONVERSION = YES;
				CLANG_WARN_NON_LITERAL_NULL_CONVERSION = YES;
				CLANG_WARN_OBJC_LITERAL_CONVERSION = YES;
				CLANG_WARN_OBJC_ROOT_CLASS = YES_ERROR;
				CLANG_WARN_RANGE_LOOP_ANALYSIS = YES;
				CLANG_WARN_STRICT_PROTOTYPES = YES;
				CLANG_WARN_SUSPICIOUS_MOVE = YES;
				CLANG_WARN_UNREACHABLE_CODE = YES;
				CLANG_WARN__DUPLICATE_METHOD_MATCH = YES;
				"CODE_SIGN_IDENTITY[sdk=iphoneos*]" = "iPhone Developer";
				COPY_PHASE_STRIP = NO;
				DEBUG_INFORMATION_FORMAT = dwarf;
				ENABLE_STRICT_OBJC_MSGSEND = YES;
				ENABLE_TESTABILITY = YES;
				GCC_C_LANGUAGE_STANDARD = gnu99;
				GCC_DYNAMIC_NO_PIC = NO;
				GCC_NO_COMMON_BLOCKS = YES;
				GCC_OPTIMIZATION_LEVEL = 0;
				GCC_PREPROCESSOR_DEFINITIONS = (
					"DEBUG=1",
					"$(inherited)",
				);
				GCC_WARN_64_TO_32_BIT_CONVERSION = YES;
				GCC_WARN_ABOUT_RETURN_TYPE = YES_ERROR;
				GCC_WARN_UNDECLARED_SELECTOR = YES;
				GCC_WARN_UNINITIALIZED_AUTOS = YES_AGGRESSIVE;
				GCC_WARN_UNUSED_FUNCTION = YES;
				GCC_WARN_UNUSED_VARIABLE = YES;
				IPHONEOS_DEPLOYMENT_TARGET = 11.0;
				MTL_ENABLE_DEBUG_INFO = YES;
				ONLY_ACTIVE_ARCH = YES;
				SDKROOT = iphoneos;
				SWIFT_ACTIVE_COMPILATION_CONDITIONS = DEBUG;
				SWIFT_OPTIMIZATION_LEVEL = "-Onone";
				TARGETED_DEVICE_FAMILY = "1,2";
			};
			name = Debug;
		};
		7B2F14ED1F55D6090049BA57 /* Release */ = {
			isa = XCBuildConfiguration;
			buildSettings = {
				ALWAYS_SEARCH_USER_PATHS = NO;
				CLANG_ANALYZER_NONNULL = YES;
				CLANG_ANALYZER_NUMBER_OBJECT_CONVERSION = YES_AGGRESSIVE;
				CLANG_CXX_LANGUAGE_STANDARD = "gnu++0x";
				CLANG_CXX_LIBRARY = "libc++";
				CLANG_ENABLE_MODULES = YES;
				CLANG_ENABLE_OBJC_ARC = YES;
				CLANG_WARN_BLOCK_CAPTURE_AUTORELEASING = YES;
				CLANG_WARN_BOOL_CONVERSION = YES;
				CLANG_WARN_COMMA = YES;
				CLANG_WARN_CONSTANT_CONVERSION = YES;
				CLANG_WARN_DIRECT_OBJC_ISA_USAGE = YES_ERROR;
				CLANG_WARN_DOCUMENTATION_COMMENTS = YES;
				CLANG_WARN_EMPTY_BODY = YES;
				CLANG_WARN_ENUM_CONVERSION = YES;
				CLANG_WARN_INFINITE_RECURSION = YES;
				CLANG_WARN_INT_CONVERSION = YES;
				CLANG_WARN_NON_LITERAL_NULL_CONVERSION = YES;
				CLANG_WARN_OBJC_LITERAL_CONVERSION = YES;
				CLANG_WARN_OBJC_ROOT_CLASS = YES_ERROR;
				CLANG_WARN_RANGE_LOOP_ANALYSIS = YES;
				CLANG_WARN_STRICT_PROTOTYPES = YES;
				CLANG_WARN_SUSPICIOUS_MOVE = YES;
				CLANG_WARN_UNREACHABLE_CODE = YES;
				CLANG_WARN__DUPLICATE_METHOD_MATCH = YES;
				"CODE_SIGN_IDENTITY[sdk=iphoneos*]" = "iPhone Developer";
				COPY_PHASE_STRIP = NO;
				DEBUG_INFORMATION_FORMAT = "dwarf-with-dsym";
				ENABLE_NS_ASSERTIONS = NO;
				ENABLE_STRICT_OBJC_MSGSEND = YES;
				GCC_C_LANGUAGE_STANDARD = gnu99;
				GCC_NO_COMMON_BLOCKS = YES;
				GCC_WARN_64_TO_32_BIT_CONVERSION = YES;
				GCC_WARN_ABOUT_RETURN_TYPE = YES_ERROR;
				GCC_WARN_UNDECLARED_SELECTOR = YES;
				GCC_WARN_UNINITIALIZED_AUTOS = YES_AGGRESSIVE;
				GCC_WARN_UNUSED_FUNCTION = YES;
				GCC_WARN_UNUSED_VARIABLE = YES;
				IPHONEOS_DEPLOYMENT_TARGET = 11.0;
				MTL_ENABLE_DEBUG_INFO = NO;
				SDKROOT = iphoneos;
				SWIFT_OPTIMIZATION_LEVEL = "-Owholemodule";
				TARGETED_DEVICE_FAMILY = "1,2";
				VALIDATE_PRODUCT = YES;
			};
			name = Release;
		};
		7B2F14EF1F55D6090049BA57 /* Debug */ = {
			isa = XCBuildConfiguration;
			buildSettings = {
				ALWAYS_EMBED_SWIFT_STANDARD_LIBRARIES = YES;
				ASSETCATALOG_COMPILER_APPICON_NAME = AppIcon;
				CODE_SIGN_ENTITLEMENTS = ProAgeing/ProAgeing.entitlements;
				"CODE_SIGN_IDENTITY[sdk=iphoneos*]" = "iPhone Developer";
				DEVELOPMENT_TEAM = 7R5SGC6JP6;
				INFOPLIST_FILE = ProAgeing/Info.plist;
				IPHONEOS_DEPLOYMENT_TARGET = 11.0;
				LD_RUNPATH_SEARCH_PATHS = "$(inherited) @executable_path/Frameworks";
				PRODUCT_BUNDLE_IDENTIFIER = xtech.ProAgeing;
				PRODUCT_NAME = "$(TARGET_NAME)";
				PROVISIONING_PROFILE_SPECIFIER = "";
				SWIFT_VERSION = 3.0;
				TARGETED_DEVICE_FAMILY = 1;
			};
			name = Debug;
		};
		7B2F14F01F55D6090049BA57 /* Release */ = {
			isa = XCBuildConfiguration;
			buildSettings = {
				ALWAYS_EMBED_SWIFT_STANDARD_LIBRARIES = YES;
				ASSETCATALOG_COMPILER_APPICON_NAME = AppIcon;
				CODE_SIGN_ENTITLEMENTS = ProAgeing/ProAgeing.entitlements;
				"CODE_SIGN_IDENTITY[sdk=iphoneos*]" = "iPhone Developer";
				DEVELOPMENT_TEAM = 7R5SGC6JP6;
				INFOPLIST_FILE = ProAgeing/Info.plist;
				IPHONEOS_DEPLOYMENT_TARGET = 11.0;
				LD_RUNPATH_SEARCH_PATHS = "$(inherited) @executable_path/Frameworks";
				PRODUCT_BUNDLE_IDENTIFIER = xtech.ProAgeing;
				PRODUCT_NAME = "$(TARGET_NAME)";
				PROVISIONING_PROFILE_SPECIFIER = "";
				SWIFT_OPTIMIZATION_LEVEL = "-Owholemodule";
				SWIFT_VERSION = 3.0;
				TARGETED_DEVICE_FAMILY = 1;
			};
			name = Release;
		};
		7B2F14F21F55D6090049BA57 /* Debug */ = {
			isa = XCBuildConfiguration;
			buildSettings = {
				ALWAYS_EMBED_SWIFT_STANDARD_LIBRARIES = YES;
				BUNDLE_LOADER = "$(TEST_HOST)";
				INFOPLIST_FILE = ProAgeingTests/Info.plist;
				LD_RUNPATH_SEARCH_PATHS = "$(inherited) @executable_path/Frameworks @loader_path/Frameworks";
				PRODUCT_BUNDLE_IDENTIFIER = xtech.ProAgeingTests;
				PRODUCT_NAME = "$(TARGET_NAME)";
				SWIFT_VERSION = 3.0;
				TEST_HOST = "$(BUILT_PRODUCTS_DIR)/ProAgeing.app/ProAgeing";
			};
			name = Debug;
		};
		7B2F14F31F55D6090049BA57 /* Release */ = {
			isa = XCBuildConfiguration;
			buildSettings = {
				ALWAYS_EMBED_SWIFT_STANDARD_LIBRARIES = YES;
				BUNDLE_LOADER = "$(TEST_HOST)";
				INFOPLIST_FILE = ProAgeingTests/Info.plist;
				LD_RUNPATH_SEARCH_PATHS = "$(inherited) @executable_path/Frameworks @loader_path/Frameworks";
				PRODUCT_BUNDLE_IDENTIFIER = xtech.ProAgeingTests;
				PRODUCT_NAME = "$(TARGET_NAME)";
				SWIFT_VERSION = 3.0;
				TEST_HOST = "$(BUILT_PRODUCTS_DIR)/ProAgeing.app/ProAgeing";
			};
			name = Release;
		};
		7B2F14F51F55D6090049BA57 /* Debug */ = {
			isa = XCBuildConfiguration;
			buildSettings = {
				ALWAYS_EMBED_SWIFT_STANDARD_LIBRARIES = YES;
				INFOPLIST_FILE = ProAgeingUITests/Info.plist;
				LD_RUNPATH_SEARCH_PATHS = "$(inherited) @executable_path/Frameworks @loader_path/Frameworks";
				PRODUCT_BUNDLE_IDENTIFIER = xtech.ProAgeingUITests;
				PRODUCT_NAME = "$(TARGET_NAME)";
				SWIFT_VERSION = 3.0;
				TEST_TARGET_NAME = ProAgeing;
			};
			name = Debug;
		};
		7B2F14F61F55D6090049BA57 /* Release */ = {
			isa = XCBuildConfiguration;
			buildSettings = {
				ALWAYS_EMBED_SWIFT_STANDARD_LIBRARIES = YES;
				INFOPLIST_FILE = ProAgeingUITests/Info.plist;
				LD_RUNPATH_SEARCH_PATHS = "$(inherited) @executable_path/Frameworks @loader_path/Frameworks";
				PRODUCT_BUNDLE_IDENTIFIER = xtech.ProAgeingUITests;
				PRODUCT_NAME = "$(TARGET_NAME)";
				SWIFT_VERSION = 3.0;
				TEST_TARGET_NAME = ProAgeing;
			};
			name = Release;
		};
		7BF6507C1F78781700528C06 /* Debug */ = {
			isa = XCBuildConfiguration;
			buildSettings = {
				ASSETCATALOG_COMPILER_COMPLICATION_NAME = Complication;
				CLANG_CXX_LANGUAGE_STANDARD = "gnu++14";
				CLANG_WARN_UNGUARDED_AVAILABILITY = YES_AGGRESSIVE;
				CODE_SIGN_ENTITLEMENTS = "ProAgeingWatch Extension/ProAgeingWatch Extension.entitlements";
				CODE_SIGN_STYLE = Automatic;
				DEVELOPMENT_TEAM = 7R5SGC6JP6;
				GCC_C_LANGUAGE_STANDARD = gnu11;
				INFOPLIST_FILE = "ProAgeingWatch Extension/Info.plist";
				LD_RUNPATH_SEARCH_PATHS = "$(inherited) @executable_path/Frameworks @executable_path/../../Frameworks";
				PRODUCT_BUNDLE_IDENTIFIER = xtech.ProAgeing.watchkitapp.watchkitextension;
				PRODUCT_NAME = "${TARGET_NAME}";
				SDKROOT = watchos;
				SKIP_INSTALL = YES;
				SWIFT_VERSION = 4.0;
				TARGETED_DEVICE_FAMILY = 4;
				WATCHOS_DEPLOYMENT_TARGET = 4.0;
			};
			name = Debug;
		};
		7BF6507D1F78781700528C06 /* Release */ = {
			isa = XCBuildConfiguration;
			buildSettings = {
				ASSETCATALOG_COMPILER_COMPLICATION_NAME = Complication;
				CLANG_CXX_LANGUAGE_STANDARD = "gnu++14";
				CLANG_WARN_UNGUARDED_AVAILABILITY = YES_AGGRESSIVE;
				CODE_SIGN_ENTITLEMENTS = "ProAgeingWatch Extension/ProAgeingWatch Extension.entitlements";
				CODE_SIGN_STYLE = Automatic;
				DEVELOPMENT_TEAM = 7R5SGC6JP6;
				GCC_C_LANGUAGE_STANDARD = gnu11;
				INFOPLIST_FILE = "ProAgeingWatch Extension/Info.plist";
				LD_RUNPATH_SEARCH_PATHS = "$(inherited) @executable_path/Frameworks @executable_path/../../Frameworks";
				PRODUCT_BUNDLE_IDENTIFIER = xtech.ProAgeing.watchkitapp.watchkitextension;
				PRODUCT_NAME = "${TARGET_NAME}";
				SDKROOT = watchos;
				SKIP_INSTALL = YES;
				SWIFT_VERSION = 4.0;
				TARGETED_DEVICE_FAMILY = 4;
				WATCHOS_DEPLOYMENT_TARGET = 4.0;
			};
			name = Release;
		};
		7BF650801F78781700528C06 /* Debug */ = {
			isa = XCBuildConfiguration;
			buildSettings = {
				ALWAYS_EMBED_SWIFT_STANDARD_LIBRARIES = YES;
				ASSETCATALOG_COMPILER_APPICON_NAME = AppIcon;
				CLANG_CXX_LANGUAGE_STANDARD = "gnu++14";
				CLANG_WARN_UNGUARDED_AVAILABILITY = YES_AGGRESSIVE;
				CODE_SIGN_STYLE = Automatic;
				DEVELOPMENT_TEAM = 7R5SGC6JP6;
				GCC_C_LANGUAGE_STANDARD = gnu11;
				IBSC_MODULE = ProAgeingWatch_Extension;
				INFOPLIST_FILE = ProAgeingWatch/Info.plist;
				PRODUCT_BUNDLE_IDENTIFIER = xtech.ProAgeing.watchkitapp;
				PRODUCT_NAME = "$(TARGET_NAME)";
				SDKROOT = watchos;
				SKIP_INSTALL = YES;
				SWIFT_VERSION = 4.0;
				TARGETED_DEVICE_FAMILY = 4;
				WATCHOS_DEPLOYMENT_TARGET = 4.0;
			};
			name = Debug;
		};
		7BF650811F78781700528C06 /* Release */ = {
			isa = XCBuildConfiguration;
			buildSettings = {
				ALWAYS_EMBED_SWIFT_STANDARD_LIBRARIES = YES;
				ASSETCATALOG_COMPILER_APPICON_NAME = AppIcon;
				CLANG_CXX_LANGUAGE_STANDARD = "gnu++14";
				CLANG_WARN_UNGUARDED_AVAILABILITY = YES_AGGRESSIVE;
				CODE_SIGN_STYLE = Automatic;
				DEVELOPMENT_TEAM = 7R5SGC6JP6;
				GCC_C_LANGUAGE_STANDARD = gnu11;
				IBSC_MODULE = ProAgeingWatch_Extension;
				INFOPLIST_FILE = ProAgeingWatch/Info.plist;
				PRODUCT_BUNDLE_IDENTIFIER = xtech.ProAgeing.watchkitapp;
				PRODUCT_NAME = "$(TARGET_NAME)";
				SDKROOT = watchos;
				SKIP_INSTALL = YES;
				SWIFT_VERSION = 4.0;
				TARGETED_DEVICE_FAMILY = 4;
				WATCHOS_DEPLOYMENT_TARGET = 4.0;
			};
			name = Release;
		};
/* End XCBuildConfiguration section */

/* Begin XCConfigurationList section */
		7B2F14BF1F55D6090049BA57 /* Build configuration list for PBXProject "ProAgeing" */ = {
			isa = XCConfigurationList;
			buildConfigurations = (
				7B2F14EC1F55D6090049BA57 /* Debug */,
				7B2F14ED1F55D6090049BA57 /* Release */,
			);
			defaultConfigurationIsVisible = 0;
			defaultConfigurationName = Release;
		};
		7B2F14EE1F55D6090049BA57 /* Build configuration list for PBXNativeTarget "ProAgeing" */ = {
			isa = XCConfigurationList;
			buildConfigurations = (
				7B2F14EF1F55D6090049BA57 /* Debug */,
				7B2F14F01F55D6090049BA57 /* Release */,
			);
			defaultConfigurationIsVisible = 0;
			defaultConfigurationName = Release;
		};
		7B2F14F11F55D6090049BA57 /* Build configuration list for PBXNativeTarget "ProAgeingTests" */ = {
			isa = XCConfigurationList;
			buildConfigurations = (
				7B2F14F21F55D6090049BA57 /* Debug */,
				7B2F14F31F55D6090049BA57 /* Release */,
			);
			defaultConfigurationIsVisible = 0;
			defaultConfigurationName = Release;
		};
		7B2F14F41F55D6090049BA57 /* Build configuration list for PBXNativeTarget "ProAgeingUITests" */ = {
			isa = XCConfigurationList;
			buildConfigurations = (
				7B2F14F51F55D6090049BA57 /* Debug */,
				7B2F14F61F55D6090049BA57 /* Release */,
			);
			defaultConfigurationIsVisible = 0;
			defaultConfigurationName = Release;
		};
		7BF6507B1F78781700528C06 /* Build configuration list for PBXNativeTarget "ProAgeingWatch Extension" */ = {
			isa = XCConfigurationList;
			buildConfigurations = (
				7BF6507C1F78781700528C06 /* Debug */,
				7BF6507D1F78781700528C06 /* Release */,
			);
			defaultConfigurationIsVisible = 0;
			defaultConfigurationName = Release;
		};
		7BF6507F1F78781700528C06 /* Build configuration list for PBXNativeTarget "ProAgeingWatch" */ = {
			isa = XCConfigurationList;
			buildConfigurations = (
				7BF650801F78781700528C06 /* Debug */,
				7BF650811F78781700528C06 /* Release */,
			);
			defaultConfigurationIsVisible = 0;
			defaultConfigurationName = Release;
		};
/* End XCConfigurationList section */
	};
	rootObject = 7B2F14BC1F55D6090049BA57 /* Project object */;
}
